// !$*UTF8*$!
{
	archiveVersion = 1;
	classes = {
	};
	objectVersion = 52;
	objects = {

/* Begin PBXBuildFile section */
		5443FC8123E33F5C009B20D5 /* AppDelegate.swift in Sources */ = {isa = PBXBuildFile; fileRef = 5443FC8023E33F5C009B20D5 /* AppDelegate.swift */; };
		5443FC8323E33F5C009B20D5 /* SceneDelegate.swift in Sources */ = {isa = PBXBuildFile; fileRef = 5443FC8223E33F5C009B20D5 /* SceneDelegate.swift */; };
		5443FC8523E33F5C009B20D5 /* ViewController.swift in Sources */ = {isa = PBXBuildFile; fileRef = 5443FC8423E33F5C009B20D5 /* ViewController.swift */; };
		5443FC8823E33F5C009B20D5 /* Main.storyboard in Resources */ = {isa = PBXBuildFile; fileRef = 5443FC8623E33F5C009B20D5 /* Main.storyboard */; };
		5443FC8B23E33F5C009B20D5 /* Modules.xcdatamodeld in Sources */ = {isa = PBXBuildFile; fileRef = 5443FC8923E33F5C009B20D5 /* Modules.xcdatamodeld */; };
		5443FC8D23E33F5E009B20D5 /* Assets.xcassets in Resources */ = {isa = PBXBuildFile; fileRef = 5443FC8C23E33F5E009B20D5 /* Assets.xcassets */; };
		5443FC9023E33F5E009B20D5 /* LaunchScreen.storyboard in Resources */ = {isa = PBXBuildFile; fileRef = 5443FC8E23E33F5E009B20D5 /* LaunchScreen.storyboard */; };
		5443FCC123E38313009B20D5 /* WorkdayState in Frameworks */ = {isa = PBXBuildFile; productRef = 5443FCC023E38313009B20D5 /* WorkdayState */; };
/* End PBXBuildFile section */

/* Begin PBXFileReference section */
		54055EF72477CE76007D3B0D /* Modules.entitlements */ = {isa = PBXFileReference; lastKnownFileType = text.plist.entitlements; path = Modules.entitlements; sourceTree = "<group>"; };
		5443FC7D23E33F5C009B20D5 /* Modules.app */ = {isa = PBXFileReference; explicitFileType = wrapper.application; includeInIndex = 0; path = Modules.app; sourceTree = BUILT_PRODUCTS_DIR; };
		5443FC8023E33F5C009B20D5 /* AppDelegate.swift */ = {isa = PBXFileReference; lastKnownFileType = sourcecode.swift; path = AppDelegate.swift; sourceTree = "<group>"; };
		5443FC8223E33F5C009B20D5 /* SceneDelegate.swift */ = {isa = PBXFileReference; lastKnownFileType = sourcecode.swift; path = SceneDelegate.swift; sourceTree = "<group>"; };
		5443FC8423E33F5C009B20D5 /* ViewController.swift */ = {isa = PBXFileReference; lastKnownFileType = sourcecode.swift; path = ViewController.swift; sourceTree = "<group>"; };
		5443FC8723E33F5C009B20D5 /* Base */ = {isa = PBXFileReference; lastKnownFileType = file.storyboard; name = Base; path = Base.lproj/Main.storyboard; sourceTree = "<group>"; };
		5443FC8A23E33F5C009B20D5 /* Modules.xcdatamodel */ = {isa = PBXFileReference; lastKnownFileType = wrapper.xcdatamodel; path = Modules.xcdatamodel; sourceTree = "<group>"; };
		5443FC8C23E33F5E009B20D5 /* Assets.xcassets */ = {isa = PBXFileReference; lastKnownFileType = folder.assetcatalog; path = Assets.xcassets; sourceTree = "<group>"; };
		5443FC8F23E33F5E009B20D5 /* Base */ = {isa = PBXFileReference; lastKnownFileType = file.storyboard; name = Base; path = Base.lproj/LaunchScreen.storyboard; sourceTree = "<group>"; };
		5443FC9123E33F5E009B20D5 /* Info.plist */ = {isa = PBXFileReference; lastKnownFileType = text.plist.xml; path = Info.plist; sourceTree = "<group>"; };
/* End PBXFileReference section */

/* Begin PBXFrameworksBuildPhase section */
		5443FC7A23E33F5C009B20D5 /* Frameworks */ = {
			isa = PBXFrameworksBuildPhase;
			buildActionMask = 2147483647;
			files = (
				5443FCC123E38313009B20D5 /* WorkdayState in Frameworks */,
			);
			runOnlyForDeploymentPostprocessing = 0;
		};
/* End PBXFrameworksBuildPhase section */

/* Begin PBXGroup section */
		5443FC7423E33F5C009B20D5 = {
			isa = PBXGroup;
			children = (
				5443FC7F23E33F5C009B20D5 /* Modules */,
				5443FC7E23E33F5C009B20D5 /* Products */,
				5443FCBF23E38313009B20D5 /* Frameworks */,
			);
			sourceTree = "<group>";
		};
		5443FC7E23E33F5C009B20D5 /* Products */ = {
			isa = PBXGroup;
			children = (
				5443FC7D23E33F5C009B20D5 /* Modules.app */,
			);
			name = Products;
			sourceTree = "<group>";
		};
		5443FC7F23E33F5C009B20D5 /* Modules */ = {
			isa = PBXGroup;
			children = (
				54055EF72477CE76007D3B0D /* Modules.entitlements */,
				5443FC8023E33F5C009B20D5 /* AppDelegate.swift */,
				5443FC8223E33F5C009B20D5 /* SceneDelegate.swift */,
				5443FC8423E33F5C009B20D5 /* ViewController.swift */,
				5443FC8623E33F5C009B20D5 /* Main.storyboard */,
				5443FC8C23E33F5E009B20D5 /* Assets.xcassets */,
				5443FC8E23E33F5E009B20D5 /* LaunchScreen.storyboard */,
				5443FC9123E33F5E009B20D5 /* Info.plist */,
				5443FC8923E33F5C009B20D5 /* Modules.xcdatamodeld */,
			);
			path = Modules;
			sourceTree = "<group>";
		};
		5443FCBF23E38313009B20D5 /* Frameworks */ = {
			isa = PBXGroup;
			children = (
			);
			name = Frameworks;
			sourceTree = "<group>";
		};
/* End PBXGroup section */

/* Begin PBXNativeTarget section */
		5443FC7C23E33F5C009B20D5 /* Modules */ = {
			isa = PBXNativeTarget;
			buildConfigurationList = 5443FC9423E33F5E009B20D5 /* Build configuration list for PBXNativeTarget "Modules" */;
			buildPhases = (
				5443FC7923E33F5C009B20D5 /* Sources */,
				5443FC7A23E33F5C009B20D5 /* Frameworks */,
				5443FC7B23E33F5C009B20D5 /* Resources */,
			);
			buildRules = (
			);
			dependencies = (
			);
			name = Modules;
			packageProductDependencies = (
				5443FCC023E38313009B20D5 /* WorkdayState */,
			);
			productName = Modules;
			productReference = 5443FC7D23E33F5C009B20D5 /* Modules.app */;
			productType = "com.apple.product-type.application";
		};
/* End PBXNativeTarget section */

/* Begin PBXProject section */
		5443FC7523E33F5C009B20D5 /* Project object */ = {
			isa = PBXProject;
			attributes = {
				LastSwiftUpdateCheck = 1130;
				LastUpgradeCheck = 1130;
				ORGANIZATIONNAME = "Darko Dujmovic";
				TargetAttributes = {
					5443FC7C23E33F5C009B20D5 = {
						CreatedOnToolsVersion = 11.3.1;
					};
				};
			};
			buildConfigurationList = 5443FC7823E33F5C009B20D5 /* Build configuration list for PBXProject "Modules" */;
			compatibilityVersion = "Xcode 9.3";
			developmentRegion = en;
			hasScannedForEncodings = 0;
			knownRegions = (
				en,
				Base,
			);
			mainGroup = 5443FC7423E33F5C009B20D5;
			productRefGroup = 5443FC7E23E33F5C009B20D5 /* Products */;
			projectDirPath = "";
			projectRoot = "";
			targets = (
				5443FC7C23E33F5C009B20D5 /* Modules */,
			);
		};
/* End PBXProject section */

/* Begin PBXResourcesBuildPhase section */
		5443FC7B23E33F5C009B20D5 /* Resources */ = {
			isa = PBXResourcesBuildPhase;
			buildActionMask = 2147483647;
			files = (
				5443FC9023E33F5E009B20D5 /* LaunchScreen.storyboard in Resources */,
				5443FC8D23E33F5E009B20D5 /* Assets.xcassets in Resources */,
				5443FC8823E33F5C009B20D5 /* Main.storyboard in Resources */,
			);
			runOnlyForDeploymentPostprocessing = 0;
		};
/* End PBXResourcesBuildPhase section */

/* Begin PBXSourcesBuildPhase section */
		5443FC7923E33F5C009B20D5 /* Sources */ = {
			isa = PBXSourcesBuildPhase;
			buildActionMask = 2147483647;
			files = (
				5443FC8523E33F5C009B20D5 /* ViewController.swift in Sources */,
				5443FC8B23E33F5C009B20D5 /* Modules.xcdatamodeld in Sources */,
				5443FC8123E33F5C009B20D5 /* AppDelegate.swift in Sources */,
				5443FC8323E33F5C009B20D5 /* SceneDelegate.swift in Sources */,
			);
			runOnlyForDeploymentPostprocessing = 0;
		};
/* End PBXSourcesBuildPhase section */

/* Begin PBXVariantGroup section */
		5443FC8623E33F5C009B20D5 /* Main.storyboard */ = {
			isa = PBXVariantGroup;
			children = (
				5443FC8723E33F5C009B20D5 /* Base */,
			);
			name = Main.storyboard;
			sourceTree = "<group>";
		};
		5443FC8E23E33F5E009B20D5 /* LaunchScreen.storyboard */ = {
			isa = PBXVariantGroup;
			children = (
				5443FC8F23E33F5E009B20D5 /* Base */,
			);
			name = LaunchScreen.storyboard;
			sourceTree = "<group>";
		};
/* End PBXVariantGroup section */

/* Begin XCBuildConfiguration section */
		5443FC9223E33F5E009B20D5 /* Debug */ = {
			isa = XCBuildConfiguration;
			buildSettings = {
				ALWAYS_SEARCH_USER_PATHS = NO;
				CLANG_ANALYZER_NONNULL = YES;
				CLANG_ANALYZER_NUMBER_OBJECT_CONVERSION = YES_AGGRESSIVE;
				CLANG_CXX_LANGUAGE_STANDARD = "gnu++14";
				CLANG_CXX_LIBRARY = "libc++";
				CLANG_ENABLE_MODULES = YES;
				CLANG_ENABLE_OBJC_ARC = YES;
				CLANG_ENABLE_OBJC_WEAK = YES;
				CLANG_WARN_BLOCK_CAPTURE_AUTORELEASING = YES;
				CLANG_WARN_BOOL_CONVERSION = YES;
				CLANG_WARN_COMMA = YES;
				CLANG_WARN_CONSTANT_CONVERSION = YES;
				CLANG_WARN_DEPRECATED_OBJC_IMPLEMENTATIONS = YES;
				CLANG_WARN_DIRECT_OBJC_ISA_USAGE = YES_ERROR;
				CLANG_WARN_DOCUMENTATION_COMMENTS = YES;
				CLANG_WARN_EMPTY_BODY = YES;
				CLANG_WARN_ENUM_CONVERSION = YES;
				CLANG_WARN_INFINITE_RECURSION = YES;
				CLANG_WARN_INT_CONVERSION = YES;
				CLANG_WARN_NON_LITERAL_NULL_CONVERSION = YES;
				CLANG_WARN_OBJC_IMPLICIT_RETAIN_SELF = YES;
				CLANG_WARN_OBJC_LITERAL_CONVERSION = YES;
				CLANG_WARN_OBJC_ROOT_CLASS = YES_ERROR;
				CLANG_WARN_RANGE_LOOP_ANALYSIS = YES;
				CLANG_WARN_STRICT_PROTOTYPES = YES;
				CLANG_WARN_SUSPICIOUS_MOVE = YES;
				CLANG_WARN_UNGUARDED_AVAILABILITY = YES_AGGRESSIVE;
				CLANG_WARN_UNREACHABLE_CODE = YES;
				CLANG_WARN__DUPLICATE_METHOD_MATCH = YES;
				COPY_PHASE_STRIP = NO;
				DEBUG_INFORMATION_FORMAT = dwarf;
				ENABLE_STRICT_OBJC_MSGSEND = YES;
				ENABLE_TESTABILITY = YES;
				GCC_C_LANGUAGE_STANDARD = gnu11;
				GCC_DYNAMIC_NO_PIC = NO;
				GCC_NO_COMMON_BLOCKS = YES;
				GCC_OPTIMIZATION_LEVEL = 0;
				GCC_PREPROCESSOR_DEFINITIONS = (
					"DEBUG=1",
					"$(inherited)",
				);
				GCC_WARN_64_TO_32_BIT_CONVERSION = YES;
				GCC_WARN_ABOUT_RETURN_TYPE = YES_ERROR;
				GCC_WARN_UNDECLARED_SELECTOR = YES;
				GCC_WARN_UNINITIALIZED_AUTOS = YES_AGGRESSIVE;
				GCC_WARN_UNUSED_FUNCTION = YES;
				GCC_WARN_UNUSED_VARIABLE = YES;
				IPHONEOS_DEPLOYMENT_TARGET = 13.2;
				MTL_ENABLE_DEBUG_INFO = INCLUDE_SOURCE;
				MTL_FAST_MATH = YES;
				ONLY_ACTIVE_ARCH = YES;
				SDKROOT = iphoneos;
				SWIFT_ACTIVE_COMPILATION_CONDITIONS = DEBUG;
				SWIFT_OPTIMIZATION_LEVEL = "-Onone";
			};
			name = Debug;
		};
		5443FC9323E33F5E009B20D5 /* Release */ = {
			isa = XCBuildConfiguration;
			buildSettings = {
				ALWAYS_SEARCH_USER_PATHS = NO;
				CLANG_ANALYZER_NONNULL = YES;
				CLANG_ANALYZER_NUMBER_OBJECT_CONVERSION = YES_AGGRESSIVE;
				CLANG_CXX_LANGUAGE_STANDARD = "gnu++14";
				CLANG_CXX_LIBRARY = "libc++";
				CLANG_ENABLE_MODULES = YES;
				CLANG_ENABLE_OBJC_ARC = YES;
				CLANG_ENABLE_OBJC_WEAK = YES;
				CLANG_WARN_BLOCK_CAPTURE_AUTORELEASING = YES;
				CLANG_WARN_BOOL_CONVERSION = YES;
				CLANG_WARN_COMMA = YES;
				CLANG_WARN_CONSTANT_CONVERSION = YES;
				CLANG_WARN_DEPRECATED_OBJC_IMPLEMENTATIONS = YES;
				CLANG_WARN_DIRECT_OBJC_ISA_USAGE = YES_ERROR;
				CLANG_WARN_DOCUMENTATION_COMMENTS = YES;
				CLANG_WARN_EMPTY_BODY = YES;
				CLANG_WARN_ENUM_CONVERSION = YES;
				CLANG_WARN_INFINITE_RECURSION = YES;
				CLANG_WARN_INT_CONVERSION = YES;
				CLANG_WARN_NON_LITERAL_NULL_CONVERSION = YES;
				CLANG_WARN_OBJC_IMPLICIT_RETAIN_SELF = YES;
				CLANG_WARN_OBJC_LITERAL_CONVERSION = YES;
				CLANG_WARN_OBJC_ROOT_CLASS = YES_ERROR;
				CLANG_WARN_RANGE_LOOP_ANALYSIS = YES;
				CLANG_WARN_STRICT_PROTOTYPES = YES;
				CLANG_WARN_SUSPICIOUS_MOVE = YES;
				CLANG_WARN_UNGUARDED_AVAILABILITY = YES_AGGRESSIVE;
				CLANG_WARN_UNREACHABLE_CODE = YES;
				CLANG_WARN__DUPLICATE_METHOD_MATCH = YES;
				COPY_PHASE_STRIP = NO;
				DEBUG_INFORMATION_FORMAT = "dwarf-with-dsym";
				ENABLE_NS_ASSERTIONS = NO;
				ENABLE_STRICT_OBJC_MSGSEND = YES;
				GCC_C_LANGUAGE_STANDARD = gnu11;
				GCC_NO_COMMON_BLOCKS = YES;
				GCC_WARN_64_TO_32_BIT_CONVERSION = YES;
				GCC_WARN_ABOUT_RETURN_TYPE = YES_ERROR;
				GCC_WARN_UNDECLARED_SELECTOR = YES;
				GCC_WARN_UNINITIALIZED_AUTOS = YES_AGGRESSIVE;
				GCC_WARN_UNUSED_FUNCTION = YES;
				GCC_WARN_UNUSED_VARIABLE = YES;
				IPHONEOS_DEPLOYMENT_TARGET = 13.2;
				MTL_ENABLE_DEBUG_INFO = NO;
				MTL_FAST_MATH = YES;
				SDKROOT = iphoneos;
				SWIFT_COMPILATION_MODE = wholemodule;
				SWIFT_OPTIMIZATION_LEVEL = "-O";
				VALIDATE_PRODUCT = YES;
			};
			name = Release;
		};
		5443FC9523E33F5E009B20D5 /* Debug */ = {
			isa = XCBuildConfiguration;
			buildSettings = {
				ASSETCATALOG_COMPILER_APPICON_NAME = AppIcon;
				CODE_SIGN_ENTITLEMENTS = Modules/Modules.entitlements;
				CODE_SIGN_STYLE = Automatic;
				DEVELOPMENT_TEAM = RDP7H8L6QM;
				INFOPLIST_FILE = Modules/Info.plist;
				LD_RUNPATH_SEARCH_PATHS = (
					"$(inherited)",
					"@executable_path/Frameworks",
				);
				PRODUCT_BUNDLE_IDENTIFIER = com.darko.Modules;
				PRODUCT_NAME = "$(TARGET_NAME)";
				SUPPORTS_MACCATALYST = YES;
				SWIFT_VERSION = 5.0;
				TARGETED_DEVICE_FAMILY = "1,2";
			};
			name = Debug;
		};
		5443FC9623E33F5E009B20D5 /* Release */ = {
			isa = XCBuildConfiguration;
			buildSettings = {
				ASSETCATALOG_COMPILER_APPICON_NAME = AppIcon;
				CODE_SIGN_ENTITLEMENTS = Modules/Modules.entitlements;
				CODE_SIGN_STYLE = Automatic;
				DEVELOPMENT_TEAM = RDP7H8L6QM;
				INFOPLIST_FILE = Modules/Info.plist;
				LD_RUNPATH_SEARCH_PATHS = (
					"$(inherited)",
					"@executable_path/Frameworks",
				);
				PRODUCT_BUNDLE_IDENTIFIER = com.darko.Modules;
				PRODUCT_NAME = "$(TARGET_NAME)";
				SUPPORTS_MACCATALYST = YES;
				SWIFT_VERSION = 5.0;
				TARGETED_DEVICE_FAMILY = "1,2";
			};
			name = Release;
		};
/* End XCBuildConfiguration section */

/* Begin XCConfigurationList section */
		5443FC7823E33F5C009B20D5 /* Build configuration list for PBXProject "Modules" */ = {
			isa = XCConfigurationList;
			buildConfigurations = (
				5443FC9223E33F5E009B20D5 /* Debug */,
				5443FC9323E33F5E009B20D5 /* Release */,
			);
			defaultConfigurationIsVisible = 0;
			defaultConfigurationName = Release;
		};
		5443FC9423E33F5E009B20D5 /* Build configuration list for PBXNativeTarget "Modules" */ = {
			isa = XCConfigurationList;
			buildConfigurations = (
				5443FC9523E33F5E009B20D5 /* Debug */,
				5443FC9623E33F5E009B20D5 /* Release */,
			);
			defaultConfigurationIsVisible = 0;
			defaultConfigurationName = Release;
		};
/* End XCConfigurationList section */

/* Begin XCSwiftPackageProductDependency section */
		5443FCC023E38313009B20D5 /* WorkdayState */ = {
			isa = XCSwiftPackageProductDependency;
			productName = WorkdayState;
		};
/* End XCSwiftPackageProductDependency section */

/* Begin XCVersionGroup section */
		5443FC8923E33F5C009B20D5 /* Modules.xcdatamodeld */ = {
			isa = XCVersionGroup;
			children = (
				5443FC8A23E33F5C009B20D5 /* Modules.xcdatamodel */,
			);
			currentVersion = 5443FC8A23E33F5C009B20D5 /* Modules.xcdatamodel */;
			path = Modules.xcdatamodeld;
			sourceTree = "<group>";
			versionGroupType = wrapper.xcdatamodel;
		};
/* End XCVersionGroup section */
	};
	rootObject = 5443FC7523E33F5C009B20D5 /* Project object */;
}
